
Microsoft Visual Studio Solution File, Format Version 12.00
# Visual Studio Version 16
VisualStudioVersion = 16.0.33801.447
MinimumVisualStudioVersion = 10.0.40219.1
Project("{FAE04EC0-301F-11D3-BF4B-00C04F79EFBC}") = "PTE01", "PTE01\PTE01.csproj", "{0907493E-2011-4C2A-BB40-01EB5C31E0A2}"
EndProject
Global
	GlobalSection(SolutionConfigurationPlatforms) = preSolution
		Debug|Any CPU = Debug|Any CPU
		Release|Any CPU = Release|Any CPU
	EndGlobalSection
	GlobalSection(ProjectConfigurationPlatforms) = postSolution
		{0907493E-2011-4C2A-BB40-01EB5C31E0A2}.Debug|Any CPU.ActiveCfg = Debug|Any CPU
		{0907493E-2011-4C2A-BB40-01EB5C31E0A2}.Debug|Any CPU.Build.0 = Debug|Any CPU
		{0907493E-2011-4C2A-BB40-01EB5C31E0A2}.Release|Any CPU.ActiveCfg = Release|Any CPU
		{0907493E-2011-4C2A-BB40-01EB5C31E0A2}.Release|Any CPU.Build.0 = Release|Any CPU
	EndGlobalSection
	GlobalSection(SolutionProperties) = preSolution
		HideSolutionNode = FALSE
	EndGlobalSection
	GlobalSection(ExtensibilityGlobals) = postSolution
		SolutionGuid = {47F31757-B4B9-43A9-8748-39F6086F530C}
	EndGlobalSection
EndGlobal
